// !$*UTF8*$!
{
	archiveVersion = 1;
	classes = {
	};
	objectVersion = 55;
	objects = {

/* Begin PBXBuildFile section */
		265C42A528C3263900A5C02B /* AppDelegate.swift in Sources */ = {isa = PBXBuildFile; fileRef = 265C42A428C3263900A5C02B /* AppDelegate.swift */; };
		265C42A728C3263900A5C02B /* SceneDelegate.swift in Sources */ = {isa = PBXBuildFile; fileRef = 265C42A628C3263900A5C02B /* SceneDelegate.swift */; };
		265C42AC28C3263900A5C02B /* Main.storyboard in Resources */ = {isa = PBXBuildFile; fileRef = 265C42AA28C3263900A5C02B /* Main.storyboard */; };
		265C42AF28C3263900A5C02B /* Employee.xcdatamodeld in Sources */ = {isa = PBXBuildFile; fileRef = 265C42AD28C3263900A5C02B /* Employee.xcdatamodeld */; };
		265C42B128C3263C00A5C02B /* Assets.xcassets in Resources */ = {isa = PBXBuildFile; fileRef = 265C42B028C3263C00A5C02B /* Assets.xcassets */; };
		265C42B428C3263C00A5C02B /* LaunchScreen.storyboard in Resources */ = {isa = PBXBuildFile; fileRef = 265C42B228C3263C00A5C02B /* LaunchScreen.storyboard */; };
		265C42BC28C3279600A5C02B /* EmployeeListVC.swift in Sources */ = {isa = PBXBuildFile; fileRef = 265C42BB28C3279600A5C02B /* EmployeeListVC.swift */; };
		265C42BE28C327A700A5C02B /* DetailVC.swift in Sources */ = {isa = PBXBuildFile; fileRef = 265C42BD28C327A700A5C02B /* DetailVC.swift */; };
		265C42C128C3295C00A5C02B /* Emp+CoreDataClass.swift in Sources */ = {isa = PBXBuildFile; fileRef = 265C42BF28C3295C00A5C02B /* Emp+CoreDataClass.swift */; };
		265C42C228C3295C00A5C02B /* Emp+CoreDataProperties.swift in Sources */ = {isa = PBXBuildFile; fileRef = 265C42C028C3295C00A5C02B /* Emp+CoreDataProperties.swift */; };
		265C42C528C329CC00A5C02B /* CoreData.framework in Frameworks */ = {isa = PBXBuildFile; fileRef = 265C42C428C329CC00A5C02B /* CoreData.framework */; };
/* End PBXBuildFile section */

/* Begin PBXFileReference section */
		265C42A128C3263900A5C02B /* Employee.app */ = {isa = PBXFileReference; explicitFileType = wrapper.application; includeInIndex = 0; path = Employee.app; sourceTree = BUILT_PRODUCTS_DIR; };
		265C42A428C3263900A5C02B /* AppDelegate.swift */ = {isa = PBXFileReference; lastKnownFileType = sourcecode.swift; path = AppDelegate.swift; sourceTree = "<group>"; };
		265C42A628C3263900A5C02B /* SceneDelegate.swift */ = {isa = PBXFileReference; lastKnownFileType = sourcecode.swift; path = SceneDelegate.swift; sourceTree = "<group>"; };
		265C42AB28C3263900A5C02B /* Base */ = {isa = PBXFileReference; lastKnownFileType = file.storyboard; name = Base; path = Base.lproj/Main.storyboard; sourceTree = "<group>"; };
		265C42AE28C3263900A5C02B /* Employee.xcdatamodel */ = {isa = PBXFileReference; lastKnownFileType = wrapper.xcdatamodel; path = Employee.xcdatamodel; sourceTree = "<group>"; };
		265C42B028C3263C00A5C02B /* Assets.xcassets */ = {isa = PBXFileReference; lastKnownFileType = folder.assetcatalog; path = Assets.xcassets; sourceTree = "<group>"; };
		265C42B328C3263C00A5C02B /* Base */ = {isa = PBXFileReference; lastKnownFileType = file.storyboard; name = Base; path = Base.lproj/LaunchScreen.storyboard; sourceTree = "<group>"; };
		265C42B528C3263C00A5C02B /* Info.plist */ = {isa = PBXFileReference; lastKnownFileType = text.plist.xml; path = Info.plist; sourceTree = "<group>"; };
		265C42BB28C3279600A5C02B /* EmployeeListVC.swift */ = {isa = PBXFileReference; lastKnownFileType = sourcecode.swift; path = EmployeeListVC.swift; sourceTree = "<group>"; };
		265C42BD28C327A700A5C02B /* DetailVC.swift */ = {isa = PBXFileReference; lastKnownFileType = sourcecode.swift; path = DetailVC.swift; sourceTree = "<group>"; };
		265C42BF28C3295C00A5C02B /* Emp+CoreDataClass.swift */ = {isa = PBXFileReference; lastKnownFileType = sourcecode.swift; path = "Emp+CoreDataClass.swift"; sourceTree = "<group>"; };
		265C42C028C3295C00A5C02B /* Emp+CoreDataProperties.swift */ = {isa = PBXFileReference; lastKnownFileType = sourcecode.swift; path = "Emp+CoreDataProperties.swift"; sourceTree = "<group>"; };
		265C42C428C329CC00A5C02B /* CoreData.framework */ = {isa = PBXFileReference; lastKnownFileType = wrapper.framework; name = CoreData.framework; path = System/Library/Frameworks/CoreData.framework; sourceTree = SDKROOT; };
/* End PBXFileReference section */

/* Begin PBXFrameworksBuildPhase section */
		265C429E28C3263900A5C02B /* Frameworks */ = {
			isa = PBXFrameworksBuildPhase;
			buildActionMask = 2147483647;
			files = (
				265C42C528C329CC00A5C02B /* CoreData.framework in Frameworks */,
			);
			runOnlyForDeploymentPostprocessing = 0;
		};
/* End PBXFrameworksBuildPhase section */

/* Begin PBXGroup section */
		265C429828C3263900A5C02B = {
			isa = PBXGroup;
			children = (
				265C42A328C3263900A5C02B /* Employee */,
				265C42A228C3263900A5C02B /* Products */,
				265C42C328C329CC00A5C02B /* Frameworks */,
			);
			sourceTree = "<group>";
		};
		265C42A228C3263900A5C02B /* Products */ = {
			isa = PBXGroup;
			children = (
				265C42A128C3263900A5C02B /* Employee.app */,
			);
			name = Products;
			sourceTree = "<group>";
		};
		265C42A328C3263900A5C02B /* Employee */ = {
			isa = PBXGroup;
			children = (
				265C42BF28C3295C00A5C02B /* Emp+CoreDataClass.swift */,
				265C42C028C3295C00A5C02B /* Emp+CoreDataProperties.swift */,
				265C42A428C3263900A5C02B /* AppDelegate.swift */,
				265C42A628C3263900A5C02B /* SceneDelegate.swift */,
				265C42AA28C3263900A5C02B /* Main.storyboard */,
				265C42BB28C3279600A5C02B /* EmployeeListVC.swift */,
				265C42BD28C327A700A5C02B /* DetailVC.swift */,
				265C42B028C3263C00A5C02B /* Assets.xcassets */,
				265C42B228C3263C00A5C02B /* LaunchScreen.storyboard */,
				265C42B528C3263C00A5C02B /* Info.plist */,
				265C42AD28C3263900A5C02B /* Employee.xcdatamodeld */,
			);
			path = Employee;
			sourceTree = "<group>";
		};
		265C42C328C329CC00A5C02B /* Frameworks */ = {
			isa = PBXGroup;
			children = (
				265C42C428C329CC00A5C02B /* CoreData.framework */,
			);
			name = Frameworks;
			sourceTree = "<group>";
		};
/* End PBXGroup section */

/* Begin PBXNativeTarget section */
		265C42A028C3263900A5C02B /* Employee */ = {
			isa = PBXNativeTarget;
			buildConfigurationList = 265C42B828C3263C00A5C02B /* Build configuration list for PBXNativeTarget "Employee" */;
			buildPhases = (
				265C429D28C3263900A5C02B /* Sources */,
				265C429E28C3263900A5C02B /* Frameworks */,
				265C429F28C3263900A5C02B /* Resources */,
			);
			buildRules = (
			);
			dependencies = (
			);
			name = Employee;
			productName = Employee;
			productReference = 265C42A128C3263900A5C02B /* Employee.app */;
			productType = "com.apple.product-type.application";
		};
/* End PBXNativeTarget section */

/* Begin PBXProject section */
		265C429928C3263900A5C02B /* Project object */ = {
			isa = PBXProject;
			attributes = {
				BuildIndependentTargetsInParallel = 1;
				LastSwiftUpdateCheck = 1330;
				LastUpgradeCheck = 1330;
				TargetAttributes = {
					265C42A028C3263900A5C02B = {
						CreatedOnToolsVersion = 13.3;
					};
				};
			};
			buildConfigurationList = 265C429C28C3263900A5C02B /* Build configuration list for PBXProject "Employee" */;
			compatibilityVersion = "Xcode 13.0";
			developmentRegion = en;
			hasScannedForEncodings = 0;
			knownRegions = (
				en,
				Base,
			);
			mainGroup = 265C429828C3263900A5C02B;
			productRefGroup = 265C42A228C3263900A5C02B /* Products */;
			projectDirPath = "";
			projectRoot = "";
			targets = (
				265C42A028C3263900A5C02B /* Employee */,
			);
		};
/* End PBXProject section */

/* Begin PBXResourcesBuildPhase section */
		265C429F28C3263900A5C02B /* Resources */ = {
			isa = PBXResourcesBuildPhase;
			buildActionMask = 2147483647;
			files = (
				265C42B428C3263C00A5C02B /* LaunchScreen.storyboard in Resources */,
				265C42B128C3263C00A5C02B /* Assets.xcassets in Resources */,
				265C42AC28C3263900A5C02B /* Main.storyboard in Resources */,
			);
			runOnlyForDeploymentPostprocessing = 0;
		};
/* End PBXResourcesBuildPhase section */

/* Begin PBXSourcesBuildPhase section */
		265C429D28C3263900A5C02B /* Sources */ = {
			isa = PBXSourcesBuildPhase;
			buildActionMask = 2147483647;
			files = (
				265C42C128C3295C00A5C02B /* Emp+CoreDataClass.swift in Sources */,
				265C42AF28C3263900A5C02B /* Employee.xcdatamodeld in Sources */,
				265C42BC28C3279600A5C02B /* EmployeeListVC.swift in Sources */,
				265C42A528C3263900A5C02B /* AppDelegate.swift in Sources */,
				265C42C228C3295C00A5C02B /* Emp+CoreDataProperties.swift in Sources */,
				265C42A728C3263900A5C02B /* SceneDelegate.swift in Sources */,
				265C42BE28C327A700A5C02B /* DetailVC.swift in Sources */,
			);
			runOnlyForDeploymentPostprocessing = 0;
		};
/* End PBXSourcesBuildPhase section */

/* Begin PBXVariantGroup section */
		265C42AA28C3263900A5C02B /* Main.storyboard */ = {
			isa = PBXVariantGroup;
			children = (
				265C42AB28C3263900A5C02B /* Base */,
			);
			name = Main.storyboard;
			sourceTree = "<group>";
		};
		265C42B228C3263C00A5C02B /* LaunchScreen.storyboard */ = {
			isa = PBXVariantGroup;
			children = (
				265C42B328C3263C00A5C02B /* Base */,
			);
			name = LaunchScreen.storyboard;
			sourceTree = "<group>";
		};
/* End PBXVariantGroup section */

/* Begin XCBuildConfiguration section */
		265C42B628C3263C00A5C02B /* Debug */ = {
			isa = XCBuildConfiguration;
			buildSettings = {
				ALWAYS_SEARCH_USER_PATHS = NO;
				CLANG_ANALYZER_NONNULL = YES;
				CLANG_ANALYZER_NUMBER_OBJECT_CONVERSION = YES_AGGRESSIVE;
				CLANG_CXX_LANGUAGE_STANDARD = "gnu++17";
				CLANG_ENABLE_MODULES = YES;
				CLANG_ENABLE_OBJC_ARC = YES;
				CLANG_ENABLE_OBJC_WEAK = YES;
				CLANG_WARN_BLOCK_CAPTURE_AUTORELEASING = YES;
				CLANG_WARN_BOOL_CONVERSION = YES;
				CLANG_WARN_COMMA = YES;
				CLANG_WARN_CONSTANT_CONVERSION = YES;
				CLANG_WARN_DEPRECATED_OBJC_IMPLEMENTATIONS = YES;
				CLANG_WARN_DIRECT_OBJC_ISA_USAGE = YES_ERROR;
				CLANG_WARN_DOCUMENTATION_COMMENTS = YES;
				CLANG_WARN_EMPTY_BODY = YES;
				CLANG_WARN_ENUM_CONVERSION = YES;
				CLANG_WARN_INFINITE_RECURSION = YES;
				CLANG_WARN_INT_CONVERSION = YES;
				CLANG_WARN_NON_LITERAL_NULL_CONVERSION = YES;
				CLANG_WARN_OBJC_IMPLICIT_RETAIN_SELF = YES;
				CLANG_WARN_OBJC_LITERAL_CONVERSION = YES;
				CLANG_WARN_OBJC_ROOT_CLASS = YES_ERROR;
				CLANG_WARN_QUOTED_INCLUDE_IN_FRAMEWORK_HEADER = YES;
				CLANG_WARN_RANGE_LOOP_ANALYSIS = YES;
				CLANG_WARN_STRICT_PROTOTYPES = YES;
				CLANG_WARN_SUSPICIOUS_MOVE = YES;
				CLANG_WARN_UNGUARDED_AVAILABILITY = YES_AGGRESSIVE;
				CLANG_WARN_UNREACHABLE_CODE = YES;
				CLANG_WARN__DUPLICATE_METHOD_MATCH = YES;
				COPY_PHASE_STRIP = NO;
				DEBUG_INFORMATION_FORMAT = dwarf;
				ENABLE_STRICT_OBJC_MSGSEND = YES;
				ENABLE_TESTABILITY = YES;
				GCC_C_LANGUAGE_STANDARD = gnu11;
				GCC_DYNAMIC_NO_PIC = NO;
				GCC_NO_COMMON_BLOCKS = YES;
				GCC_OPTIMIZATION_LEVEL = 0;
				GCC_PREPROCESSOR_DEFINITIONS = (
					"DEBUG=1",
					"$(inherited)",
				);
				GCC_WARN_64_TO_32_BIT_CONVERSION = YES;
				GCC_WARN_ABOUT_RETURN_TYPE = YES_ERROR;
				GCC_WARN_UNDECLARED_SELECTOR = YES;
				GCC_WARN_UNINITIALIZED_AUTOS = YES_AGGRESSIVE;
				GCC_WARN_UNUSED_FUNCTION = YES;
				GCC_WARN_UNUSED_VARIABLE = YES;
				IPHONEOS_DEPLOYMENT_TARGET = 15.4;
				MTL_ENABLE_DEBUG_INFO = INCLUDE_SOURCE;
				MTL_FAST_MATH = YES;
				ONLY_ACTIVE_ARCH = YES;
				SDKROOT = iphoneos;
				SWIFT_ACTIVE_COMPILATION_CONDITIONS = DEBUG;
				SWIFT_OPTIMIZATION_LEVEL = "-Onone";
			};
			name = Debug;
		};
		265C42B728C3263C00A5C02B /* Release */ = {
			isa = XCBuildConfiguration;
			buildSettings = {
				ALWAYS_SEARCH_USER_PATHS = NO;
				CLANG_ANALYZER_NONNULL = YES;
				CLANG_ANALYZER_NUMBER_OBJECT_CONVERSION = YES_AGGRESSIVE;
				CLANG_CXX_LANGUAGE_STANDARD = "gnu++17";
				CLANG_ENABLE_MODULES = YES;
				CLANG_ENABLE_OBJC_ARC = YES;
				CLANG_ENABLE_OBJC_WEAK = YES;
				CLANG_WARN_BLOCK_CAPTURE_AUTORELEASING = YES;
				CLANG_WARN_BOOL_CONVERSION = YES;
				CLANG_WARN_COMMA = YES;
				CLANG_WARN_CONSTANT_CONVERSION = YES;
				CLANG_WARN_DEPRECATED_OBJC_IMPLEMENTATIONS = YES;
				CLANG_WARN_DIRECT_OBJC_ISA_USAGE = YES_ERROR;
				CLANG_WARN_DOCUMENTATION_COMMENTS = YES;
				CLANG_WARN_EMPTY_BODY = YES;
				CLANG_WARN_ENUM_CONVERSION = YES;
				CLANG_WARN_INFINITE_RECURSION = YES;
				CLANG_WARN_INT_CONVERSION = YES;
				CLANG_WARN_NON_LITERAL_NULL_CONVERSION = YES;
				CLANG_WARN_OBJC_IMPLICIT_RETAIN_SELF = YES;
				CLANG_WARN_OBJC_LITERAL_CONVERSION = YES;
				CLANG_WARN_OBJC_ROOT_CLASS = YES_ERROR;
				CLANG_WARN_QUOTED_INCLUDE_IN_FRAMEWORK_HEADER = YES;
				CLANG_WARN_RANGE_LOOP_ANALYSIS = YES;
				CLANG_WARN_STRICT_PROTOTYPES = YES;
				CLANG_WARN_SUSPICIOUS_MOVE = YES;
				CLANG_WARN_UNGUARDED_AVAILABILITY = YES_AGGRESSIVE;
				CLANG_WARN_UNREACHABLE_CODE = YES;
				CLANG_WARN__DUPLICATE_METHOD_MATCH = YES;
				COPY_PHASE_STRIP = NO;
				DEBUG_INFORMATION_FORMAT = "dwarf-with-dsym";
				ENABLE_NS_ASSERTIONS = NO;
				ENABLE_STRICT_OBJC_MSGSEND = YES;
				GCC_C_LANGUAGE_STANDARD = gnu11;
				GCC_NO_COMMON_BLOCKS = YES;
				GCC_WARN_64_TO_32_BIT_CONVERSION = YES;
				GCC_WARN_ABOUT_RETURN_TYPE = YES_ERROR;
				GCC_WARN_UNDECLARED_SELECTOR = YES;
				GCC_WARN_UNINITIALIZED_AUTOS = YES_AGGRESSIVE;
				GCC_WARN_UNUSED_FUNCTION = YES;
				GCC_WARN_UNUSED_VARIABLE = YES;
				IPHONEOS_DEPLOYMENT_TARGET = 15.4;
				MTL_ENABLE_DEBUG_INFO = NO;
				MTL_FAST_MATH = YES;
				SDKROOT = iphoneos;
				SWIFT_COMPILATION_MODE = wholemodule;
				SWIFT_OPTIMIZATION_LEVEL = "-O";
				VALIDATE_PRODUCT = YES;
			};
			name = Release;
		};
		265C42B928C3263C00A5C02B /* Debug */ = {
			isa = XCBuildConfiguration;
			buildSettings = {
				ASSETCATALOG_COMPILER_APPICON_NAME = AppIcon;
				ASSETCATALOG_COMPILER_GLOBAL_ACCENT_COLOR_NAME = AccentColor;
				CODE_SIGN_STYLE = Automatic;
				CURRENT_PROJECT_VERSION = 1;
				GENERATE_INFOPLIST_FILE = YES;
				INFOPLIST_FILE = Employee/Info.plist;
				INFOPLIST_KEY_UIApplicationSupportsIndirectInputEvents = YES;
				INFOPLIST_KEY_UILaunchStoryboardName = LaunchScreen;
				INFOPLIST_KEY_UIMainStoryboardFile = Main;
				INFOPLIST_KEY_UISupportedInterfaceOrientations_iPad = "UIInterfaceOrientationPortrait UIInterfaceOrientationPortraitUpsideDown UIInterfaceOrientationLandscapeLeft UIInterfaceOrientationLandscapeRight";
				INFOPLIST_KEY_UISupportedInterfaceOrientations_iPhone = "UIInterfaceOrientationPortrait UIInterfaceOrientationLandscapeLeft UIInterfaceOrientationLandscapeRight";
				LD_RUNPATH_SEARCH_PATHS = (
					"$(inherited)",
					"@executable_path/Frameworks",
				);
				MARKETING_VERSION = 1.0;
				PRODUCT_BUNDLE_IDENTIFIER = "AppleLogin-Demo.Employee";
				PRODUCT_NAME = "$(TARGET_NAME)";
				SWIFT_EMIT_LOC_STRINGS = YES;
				SWIFT_VERSION = 5.0;
				TARGETED_DEVICE_FAMILY = "1,2";
			};
			name = Debug;
		};
		265C42BA28C3263C00A5C02B /* Release */ = {
			isa = XCBuildConfiguration;
			buildSettings = {
				ASSETCATALOG_COMPILER_APPICON_NAME = AppIcon;
				ASSETCATALOG_COMPILER_GLOBAL_ACCENT_COLOR_NAME = AccentColor;
				CODE_SIGN_STYLE = Automatic;
				CURRENT_PROJECT_VERSION = 1;
				GENERATE_INFOPLIST_FILE = YES;
				INFOPLIST_FILE = Employee/Info.plist;
				INFOPLIST_KEY_UIApplicationSupportsIndirectInputEvents = YES;
				INFOPLIST_KEY_UILaunchStoryboardName = LaunchScreen;
				INFOPLIST_KEY_UIMainStoryboardFile = Main;
				INFOPLIST_KEY_UISupportedInterfaceOrientations_iPad = "UIInterfaceOrientationPortrait UIInterfaceOrientationPortraitUpsideDown UIInterfaceOrientationLandscapeLeft UIInterfaceOrientationLandscapeRight";
				INFOPLIST_KEY_UISupportedInterfaceOrientations_iPhone = "UIInterfaceOrientationPortrait UIInterfaceOrientationLandscapeLeft UIInterfaceOrientationLandscapeRight";
				LD_RUNPATH_SEARCH_PATHS = (
					"$(inherited)",
					"@executable_path/Frameworks",
				);
				MARKETING_VERSION = 1.0;
				PRODUCT_BUNDLE_IDENTIFIER = "AppleLogin-Demo.Employee";
				PRODUCT_NAME = "$(TARGET_NAME)";
				SWIFT_EMIT_LOC_STRINGS = YES;
				SWIFT_VERSION = 5.0;
				TARGETED_DEVICE_FAMILY = "1,2";
			};
			name = Release;
		};
/* End XCBuildConfiguration section */

/* Begin XCConfigurationList section */
		265C429C28C3263900A5C02B /* Build configuration list for PBXProject "Employee" */ = {
			isa = XCConfigurationList;
			buildConfigurations = (
				265C42B628C3263C00A5C02B /* Debug */,
				265C42B728C3263C00A5C02B /* Release */,
			);
			defaultConfigurationIsVisible = 0;
			defaultConfigurationName = Release;
		};
		265C42B828C3263C00A5C02B /* Build configuration list for PBXNativeTarget "Employee" */ = {
			isa = XCConfigurationList;
			buildConfigurations = (
				265C42B928C3263C00A5C02B /* Debug */,
				265C42BA28C3263C00A5C02B /* Release */,
			);
			defaultConfigurationIsVisible = 0;
			defaultConfigurationName = Release;
		};
/* End XCConfigurationList section */

/* Begin XCVersionGroup section */
		265C42AD28C3263900A5C02B /* Employee.xcdatamodeld */ = {
			isa = XCVersionGroup;
			children = (
				265C42AE28C3263900A5C02B /* Employee.xcdatamodel */,
			);
			currentVersion = 265C42AE28C3263900A5C02B /* Employee.xcdatamodel */;
			path = Employee.xcdatamodeld;
			sourceTree = "<group>";
			versionGroupType = wrapper.xcdatamodel;
		};
/* End XCVersionGroup section */
	};
	rootObject = 265C429928C3263900A5C02B /* Project object */;
}
